
Microsoft Visual Studio Solution File, Format Version 12.00
# Visual Studio Version 17
VisualStudioVersion = 17.0.31903.59
MinimumVisualStudioVersion = 10.0.40219.1
Project("{FAE04EC0-301F-11D3-BF4B-00C04F79EFBC}") = "snowcoreBlog.Backend.ReadersManagement", "BusinessServices\ReadersManagement\snowcoreBlog.Backend.ReadersManagement.csproj", "{8FC76EB5-D917-4A0B-9CB0-D775100431C6}"
EndProject
Project("{FAE04EC0-301F-11D3-BF4B-00C04F79EFBC}") = "snowcoreBlog.Backend.Articles", "BusinessServices\Articles\snowcoreBlog.Backend.Articles.csproj", "{0E201005-AEE7-4FD0-A624-3980ECAF4E51}"
EndProject
Project("{FAE04EC0-301F-11D3-BF4B-00C04F79EFBC}") = "snowcoreBlog.Backend.AuthorsManagement", "BusinessServices\AuthorsManagement\snowcoreBlog.Backend.AuthorsManagement.csproj", "{EC817D39-5F84-4202-9A0F-AF87AC53A0BC}"
EndProject
Project("{FAE04EC0-301F-11D3-BF4B-00C04F79EFBC}") = "snowcoreBlog.ServiceDefaults", "snowcoreBlog.Universal\ServiceDefaults\snowcoreBlog.ServiceDefaults.csproj", "{5EBA7817-7973-4CB0-B389-576CF1F2E399}"
EndProject
Project("{FAE04EC0-301F-11D3-BF4B-00C04F79EFBC}") = "snowcoreBlog.Backend.Infrastructure", "Shared\Infrastructure\snowcoreBlog.Backend.Infrastructure.csproj", "{65E2DF00-9FB1-48F1-AECB-50499622D898}"
EndProject
Project("{FAE04EC0-301F-11D3-BF4B-00C04F79EFBC}") = "snowcoreBlog.Backend.Core", "Shared\Core\snowcoreBlog.Backend.Core.csproj", "{0359DEDD-A2FE-462A-84F9-FAA13EB0003C}"
EndProject
Project("{FAE04EC0-301F-11D3-BF4B-00C04F79EFBC}") = "snowcoreBlog.PublicApi", "snowcoreBlog.Universal\PublicApi\snowcoreBlog.PublicApi.csproj", "{71A09FDE-F4D6-4E5E-A5C9-75A58C499617}"
EndProject
Project("{FAE04EC0-301F-11D3-BF4B-00C04F79EFBC}") = "snowcoreBlog.ApplicationLaunch.Implementations", "snowcoreBlog.Universal\UniversalModules\ApplicationLaunch.Implementations\snowcoreBlog.ApplicationLaunch.Implementations.csproj", "{D444A667-496E-4515-94B5-9D8E37F288B8}"
EndProject
Project("{FAE04EC0-301F-11D3-BF4B-00C04F79EFBC}") = "snowcoreBlog.Backend.IAM", "Shared\Services\IAM\snowcoreBlog.Backend.IAM.csproj", "{8DABA1CC-4583-40C4-8510-07394B06D075}"
EndProject
Project("{FAE04EC0-301F-11D3-BF4B-00C04F79EFBC}") = "snowcoreBlog.Backend.IAM.Core", "Shared\IAM.Core\snowcoreBlog.Backend.IAM.Core.csproj", "{04001EC4-74D0-4933-982B-3F6B696E8D29}"
EndProject
Project("{FAE04EC0-301F-11D3-BF4B-00C04F79EFBC}") = "snowcoreBlog.Backend.Email", "Shared\Services\Email\snowcoreBlog.Backend.Email.csproj", "{835DAE24-6FBD-408A-952D-DABB32A48FB5}"
EndProject
Project("{FAE04EC0-301F-11D3-BF4B-00C04F79EFBC}") = "snowcoreBlog.Backend.Push", "Shared\Services\Push\snowcoreBlog.Backend.Push.csproj", "{8954FD4A-0778-43C0-B2C4-95FB9FEBBB39}"
EndProject
Project("{FAE04EC0-301F-11D3-BF4B-00C04F79EFBC}") = "snowcoreBlog.Backend.Email.Core", "Shared\Email.Core\snowcoreBlog.Backend.Email.Core.csproj", "{67C4E15B-D714-438A-9140-918C7447B0F0}"
EndProject
Project("{FAE04EC0-301F-11D3-BF4B-00C04F79EFBC}") = "snowcoreBlog.Backend.Push.Core", "Shared\Push.Core\snowcoreBlog.Backend.Push.Core.csproj", "{3069AD7C-157E-4CBD-B1CF-E9D90C6C1FCC}"
EndProject
Project("{FAE04EC0-301F-11D3-BF4B-00C04F79EFBC}") = "snowcoreBlog.Backend.AspireYarpGateway.Core", "Shared\AspireYarpGateway.Core\snowcoreBlog.Backend.AspireYarpGateway.Core.csproj", "{B6BD8F45-72BB-4770-BFB1-21A07342A49F}"
EndProject
Project("{FAE04EC0-301F-11D3-BF4B-00C04F79EFBC}") = "snowcoreBlog.Backend.AspireYarpGateway", "Shared\Services\AspireYarpGateway\snowcoreBlog.Backend.AspireYarpGateway.csproj", "{36C2C4E7-5E0E-4AEC-A4C4-B12BF252D666}"
EndProject
Project("{FAE04EC0-301F-11D3-BF4B-00C04F79EFBC}") = "snowcoreBlog.Backend.Gateway.Middleware", "Shared\Gateway.Middleware\snowcoreBlog.Backend.Gateway.Middleware.csproj", "{89410382-A462-4016-9E64-A05C84FC5689}"
EndProject
Project("{FAE04EC0-301F-11D3-BF4B-00C04F79EFBC}") = "snowcoreBlog.Backend.ApiAccessRestrictions", "Shared\Services\ApiAccessRestrictions\snowcoreBlog.Backend.ApiAccessRestrictions.csproj", "{4F061383-9C11-441D-A4EA-65C59FFAA1EE}"
EndProject
Project("{2150E333-8FDC-42A3-9474-1A3956D46DE8}") = "Shared", "Shared", "{4F52FD11-658E-A102-6CD3-7D7C16FFA15B}"
EndProject
Project("{2150E333-8FDC-42A3-9474-1A3956D46DE8}") = "Services", "Services", "{1A5DBE61-BD94-ADDB-8E0E-98FFEE9EF8D9}"
EndProject
Project("{2150E333-8FDC-42A3-9474-1A3956D46DE8}") = "ServiceNotifications", "ServiceNotifications", "{F872F5FA-9A50-34FF-C335-01B92A4DBCEF}"
EndProject
Project("{FAE04EC0-301F-11D3-BF4B-00C04F79EFBC}") = "snowcoreBlog.Backend.ServiceNotifications", "Shared\Services\ServiceNotifications\snowcoreBlog.Backend.ServiceNotifications.csproj", "{E203E7B0-51AF-40CA-AD17-43104CDD0A47}"
EndProject
Project("{2150E333-8FDC-42A3-9474-1A3956D46DE8}") = "Tests", "Tests", "{D1E4B9F6-D533-D423-8818-2E1510152B85}"
EndProject
Project("{FAE04EC0-301F-11D3-BF4B-00C04F79EFBC}") = "snowcoreBlog.Backend.Core.Tests", "Shared\Core.Tests\snowcoreBlog.Backend.Core.Tests.csproj", "{23032FFF-6953-48BB-B87B-6C4989DE57CC}"
EndProject
Project("{FAE04EC0-301F-11D3-BF4B-00C04F79EFBC}") = "snowcoreBlog.Backend.Infrastructure.Tests", "Shared\Infrastructure.Tests\snowcoreBlog.Backend.Infrastructure.Tests.csproj", "{AD925C89-9E2D-41C9-BA25-0649985AD951}"
EndProject
Project("{FAE04EC0-301F-11D3-BF4B-00C04F79EFBC}") = "snowcoreBlog.Backend.IAM.Core.Tests", "Shared\IAM.Core.Tests\snowcoreBlog.Backend.IAM.Core.Tests.csproj", "{F9F2D6B9-A914-4084-BDB2-67FE81E17FAC}"
EndProject
Project("{FAE04EC0-301F-11D3-BF4B-00C04F79EFBC}") = "snowcoreBlog.Backend.Email.Core.Tests", "Shared\Email.Core.Tests\snowcoreBlog.Backend.Email.Core.Tests.csproj", "{38412D7D-6E2E-472D-975D-9148520752F2}"
EndProject
Project("{FAE04EC0-301F-11D3-BF4B-00C04F79EFBC}") = "snowcoreBlog.Backend.Push.Core.Tests", "Shared\Push.Core.Tests\snowcoreBlog.Backend.Push.Core.Tests.csproj", "{536F32B5-1F7C-451C-B4E0-2009D07C0611}"
EndProject
Project("{FAE04EC0-301F-11D3-BF4B-00C04F79EFBC}") = "snowcoreBlog.Backend.IAM.Tests", "Shared\Services\IAM.Tests\snowcoreBlog.Backend.IAM.Tests.csproj", "{E8E9AAA4-1F15-4199-B860-54C0FE43E2BB}"
EndProject
Project("{FAE04EC0-301F-11D3-BF4B-00C04F79EFBC}") = "snowcoreBlog.Backend.Email.Tests", "Shared\Services\Email.Tests\snowcoreBlog.Backend.Email.Tests.csproj", "{4320F2A9-8FDA-4000-AA3B-65C402F4863A}"
EndProject
Project("{FAE04EC0-301F-11D3-BF4B-00C04F79EFBC}") = "snowcoreBlog.Backend.Push.Tests", "Shared\Services\Push.Tests\snowcoreBlog.Backend.Push.Tests.csproj", "{05200EF1-087A-4167-8BF6-1E2ED2773AF3}"
EndProject
Project("{FAE04EC0-301F-11D3-BF4B-00C04F79EFBC}") = "snowcoreBlog.Backend.Articles.Tests", "BusinessServices\Articles.Tests\snowcoreBlog.Backend.Articles.Tests.csproj", "{247B4C3A-5E9C-42E6-ACCD-CF981081264F}"
EndProject
Project("{FAE04EC0-301F-11D3-BF4B-00C04F79EFBC}") = "snowcoreBlog.Backend.AuthorsManagement.Tests", "BusinessServices\AuthorsManagement.Tests\snowcoreBlog.Backend.AuthorsManagement.Tests.csproj", "{1399DF57-7670-4E2E-9353-8A6C9C359FE3}"
EndProject
Project("{FAE04EC0-301F-11D3-BF4B-00C04F79EFBC}") = "snowcoreBlog.Backend.ReadersManagement.Tests", "BusinessServices\ReadersManagement.Tests\snowcoreBlog.Backend.ReadersManagement.Tests.csproj", "{59103BB6-FC1C-4CDF-AD26-1346DE134F19}"
EndProject
Project("{FAE04EC0-301F-11D3-BF4B-00C04F79EFBC}") = "snowcoreBlog.Backend.ServiceNotifications.Tests", "Shared\Services\ServiceNotifications.Tests\snowcoreBlog.Backend.ServiceNotifications.Tests.csproj", "{6AF64136-60E8-40C8-903A-2D2D22825A47}"
EndProject
Project("{FAE04EC0-301F-11D3-BF4B-00C04F79EFBC}") = "snowcoreBlog.Backend.ApiAccessRestrictions.Tests", "Shared\Services\ApiAccessRestrictions.Tests\snowcoreBlog.Backend.ApiAccessRestrictions.Tests.csproj", "{D1D1F377-68AB-4EA6-9B78-87F15F24A867}"
EndProject
Global
	GlobalSection(SolutionConfigurationPlatforms) = preSolution
		Debug|Any CPU = Debug|Any CPU
		Debug|x64 = Debug|x64
		Debug|x86 = Debug|x86
		Release|Any CPU = Release|Any CPU
		Release|x64 = Release|x64
		Release|x86 = Release|x86
	EndGlobalSection
	GlobalSection(ProjectConfigurationPlatforms) = postSolution
		{8FC76EB5-D917-4A0B-9CB0-D775100431C6}.Debug|Any CPU.ActiveCfg = Debug|Any CPU
		{8FC76EB5-D917-4A0B-9CB0-D775100431C6}.Debug|Any CPU.Build.0 = Debug|Any CPU
		{8FC76EB5-D917-4A0B-9CB0-D775100431C6}.Debug|x64.ActiveCfg = Debug|Any CPU
		{8FC76EB5-D917-4A0B-9CB0-D775100431C6}.Debug|x64.Build.0 = Debug|Any CPU
		{8FC76EB5-D917-4A0B-9CB0-D775100431C6}.Debug|x86.ActiveCfg = Debug|Any CPU
		{8FC76EB5-D917-4A0B-9CB0-D775100431C6}.Debug|x86.Build.0 = Debug|Any CPU
		{8FC76EB5-D917-4A0B-9CB0-D775100431C6}.Release|Any CPU.ActiveCfg = Release|Any CPU
		{8FC76EB5-D917-4A0B-9CB0-D775100431C6}.Release|Any CPU.Build.0 = Release|Any CPU
		{8FC76EB5-D917-4A0B-9CB0-D775100431C6}.Release|x64.ActiveCfg = Release|Any CPU
		{8FC76EB5-D917-4A0B-9CB0-D775100431C6}.Release|x64.Build.0 = Release|Any CPU
		{8FC76EB5-D917-4A0B-9CB0-D775100431C6}.Release|x86.ActiveCfg = Release|Any CPU
		{8FC76EB5-D917-4A0B-9CB0-D775100431C6}.Release|x86.Build.0 = Release|Any CPU
		{0E201005-AEE7-4FD0-A624-3980ECAF4E51}.Debug|Any CPU.ActiveCfg = Debug|Any CPU
		{0E201005-AEE7-4FD0-A624-3980ECAF4E51}.Debug|Any CPU.Build.0 = Debug|Any CPU
		{0E201005-AEE7-4FD0-A624-3980ECAF4E51}.Debug|x64.ActiveCfg = Debug|Any CPU
		{0E201005-AEE7-4FD0-A624-3980ECAF4E51}.Debug|x64.Build.0 = Debug|Any CPU
		{0E201005-AEE7-4FD0-A624-3980ECAF4E51}.Debug|x86.ActiveCfg = Debug|Any CPU
		{0E201005-AEE7-4FD0-A624-3980ECAF4E51}.Debug|x86.Build.0 = Debug|Any CPU
		{0E201005-AEE7-4FD0-A624-3980ECAF4E51}.Release|Any CPU.ActiveCfg = Release|Any CPU
		{0E201005-AEE7-4FD0-A624-3980ECAF4E51}.Release|Any CPU.Build.0 = Release|Any CPU
		{0E201005-AEE7-4FD0-A624-3980ECAF4E51}.Release|x64.ActiveCfg = Release|Any CPU
		{0E201005-AEE7-4FD0-A624-3980ECAF4E51}.Release|x64.Build.0 = Release|Any CPU
		{0E201005-AEE7-4FD0-A624-3980ECAF4E51}.Release|x86.ActiveCfg = Release|Any CPU
		{0E201005-AEE7-4FD0-A624-3980ECAF4E51}.Release|x86.Build.0 = Release|Any CPU
		{EC817D39-5F84-4202-9A0F-AF87AC53A0BC}.Debug|Any CPU.ActiveCfg = Debug|Any CPU
		{EC817D39-5F84-4202-9A0F-AF87AC53A0BC}.Debug|Any CPU.Build.0 = Debug|Any CPU
		{EC817D39-5F84-4202-9A0F-AF87AC53A0BC}.Debug|x64.ActiveCfg = Debug|Any CPU
		{EC817D39-5F84-4202-9A0F-AF87AC53A0BC}.Debug|x64.Build.0 = Debug|Any CPU
		{EC817D39-5F84-4202-9A0F-AF87AC53A0BC}.Debug|x86.ActiveCfg = Debug|Any CPU
		{EC817D39-5F84-4202-9A0F-AF87AC53A0BC}.Debug|x86.Build.0 = Debug|Any CPU
		{EC817D39-5F84-4202-9A0F-AF87AC53A0BC}.Release|Any CPU.ActiveCfg = Release|Any CPU
		{EC817D39-5F84-4202-9A0F-AF87AC53A0BC}.Release|Any CPU.Build.0 = Release|Any CPU
		{EC817D39-5F84-4202-9A0F-AF87AC53A0BC}.Release|x64.ActiveCfg = Release|Any CPU
		{EC817D39-5F84-4202-9A0F-AF87AC53A0BC}.Release|x64.Build.0 = Release|Any CPU
		{EC817D39-5F84-4202-9A0F-AF87AC53A0BC}.Release|x86.ActiveCfg = Release|Any CPU
		{EC817D39-5F84-4202-9A0F-AF87AC53A0BC}.Release|x86.Build.0 = Release|Any CPU
		{5EBA7817-7973-4CB0-B389-576CF1F2E399}.Debug|Any CPU.ActiveCfg = Debug|Any CPU
		{5EBA7817-7973-4CB0-B389-576CF1F2E399}.Debug|Any CPU.Build.0 = Debug|Any CPU
		{5EBA7817-7973-4CB0-B389-576CF1F2E399}.Debug|x64.ActiveCfg = Debug|Any CPU
		{5EBA7817-7973-4CB0-B389-576CF1F2E399}.Debug|x64.Build.0 = Debug|Any CPU
		{5EBA7817-7973-4CB0-B389-576CF1F2E399}.Debug|x86.ActiveCfg = Debug|Any CPU
		{5EBA7817-7973-4CB0-B389-576CF1F2E399}.Debug|x86.Build.0 = Debug|Any CPU
		{5EBA7817-7973-4CB0-B389-576CF1F2E399}.Release|Any CPU.ActiveCfg = Release|Any CPU
		{5EBA7817-7973-4CB0-B389-576CF1F2E399}.Release|Any CPU.Build.0 = Release|Any CPU
		{5EBA7817-7973-4CB0-B389-576CF1F2E399}.Release|x64.ActiveCfg = Release|Any CPU
		{5EBA7817-7973-4CB0-B389-576CF1F2E399}.Release|x64.Build.0 = Release|Any CPU
		{5EBA7817-7973-4CB0-B389-576CF1F2E399}.Release|x86.ActiveCfg = Release|Any CPU
		{5EBA7817-7973-4CB0-B389-576CF1F2E399}.Release|x86.Build.0 = Release|Any CPU
		{65E2DF00-9FB1-48F1-AECB-50499622D898}.Debug|Any CPU.ActiveCfg = Debug|Any CPU
		{65E2DF00-9FB1-48F1-AECB-50499622D898}.Debug|Any CPU.Build.0 = Debug|Any CPU
		{65E2DF00-9FB1-48F1-AECB-50499622D898}.Debug|x64.ActiveCfg = Debug|Any CPU
		{65E2DF00-9FB1-48F1-AECB-50499622D898}.Debug|x64.Build.0 = Debug|Any CPU
		{65E2DF00-9FB1-48F1-AECB-50499622D898}.Debug|x86.ActiveCfg = Debug|Any CPU
		{65E2DF00-9FB1-48F1-AECB-50499622D898}.Debug|x86.Build.0 = Debug|Any CPU
		{65E2DF00-9FB1-48F1-AECB-50499622D898}.Release|Any CPU.ActiveCfg = Release|Any CPU
		{65E2DF00-9FB1-48F1-AECB-50499622D898}.Release|Any CPU.Build.0 = Release|Any CPU
		{65E2DF00-9FB1-48F1-AECB-50499622D898}.Release|x64.ActiveCfg = Release|Any CPU
		{65E2DF00-9FB1-48F1-AECB-50499622D898}.Release|x64.Build.0 = Release|Any CPU
		{65E2DF00-9FB1-48F1-AECB-50499622D898}.Release|x86.ActiveCfg = Release|Any CPU
		{65E2DF00-9FB1-48F1-AECB-50499622D898}.Release|x86.Build.0 = Release|Any CPU
		{0359DEDD-A2FE-462A-84F9-FAA13EB0003C}.Debug|Any CPU.ActiveCfg = Debug|Any CPU
		{0359DEDD-A2FE-462A-84F9-FAA13EB0003C}.Debug|Any CPU.Build.0 = Debug|Any CPU
		{0359DEDD-A2FE-462A-84F9-FAA13EB0003C}.Debug|x64.ActiveCfg = Debug|Any CPU
		{0359DEDD-A2FE-462A-84F9-FAA13EB0003C}.Debug|x64.Build.0 = Debug|Any CPU
		{0359DEDD-A2FE-462A-84F9-FAA13EB0003C}.Debug|x86.ActiveCfg = Debug|Any CPU
		{0359DEDD-A2FE-462A-84F9-FAA13EB0003C}.Debug|x86.Build.0 = Debug|Any CPU
		{0359DEDD-A2FE-462A-84F9-FAA13EB0003C}.Release|Any CPU.ActiveCfg = Release|Any CPU
		{0359DEDD-A2FE-462A-84F9-FAA13EB0003C}.Release|Any CPU.Build.0 = Release|Any CPU
		{0359DEDD-A2FE-462A-84F9-FAA13EB0003C}.Release|x64.ActiveCfg = Release|Any CPU
		{0359DEDD-A2FE-462A-84F9-FAA13EB0003C}.Release|x64.Build.0 = Release|Any CPU
		{0359DEDD-A2FE-462A-84F9-FAA13EB0003C}.Release|x86.ActiveCfg = Release|Any CPU
		{0359DEDD-A2FE-462A-84F9-FAA13EB0003C}.Release|x86.Build.0 = Release|Any CPU
		{71A09FDE-F4D6-4E5E-A5C9-75A58C499617}.Debug|Any CPU.ActiveCfg = Debug|Any CPU
		{71A09FDE-F4D6-4E5E-A5C9-75A58C499617}.Debug|Any CPU.Build.0 = Debug|Any CPU
		{71A09FDE-F4D6-4E5E-A5C9-75A58C499617}.Debug|x64.ActiveCfg = Debug|Any CPU
		{71A09FDE-F4D6-4E5E-A5C9-75A58C499617}.Debug|x64.Build.0 = Debug|Any CPU
		{71A09FDE-F4D6-4E5E-A5C9-75A58C499617}.Debug|x86.ActiveCfg = Debug|Any CPU
		{71A09FDE-F4D6-4E5E-A5C9-75A58C499617}.Debug|x86.Build.0 = Debug|Any CPU
		{71A09FDE-F4D6-4E5E-A5C9-75A58C499617}.Release|Any CPU.ActiveCfg = Release|Any CPU
		{71A09FDE-F4D6-4E5E-A5C9-75A58C499617}.Release|Any CPU.Build.0 = Release|Any CPU
		{71A09FDE-F4D6-4E5E-A5C9-75A58C499617}.Release|x64.ActiveCfg = Release|Any CPU
		{71A09FDE-F4D6-4E5E-A5C9-75A58C499617}.Release|x64.Build.0 = Release|Any CPU
		{71A09FDE-F4D6-4E5E-A5C9-75A58C499617}.Release|x86.ActiveCfg = Release|Any CPU
		{71A09FDE-F4D6-4E5E-A5C9-75A58C499617}.Release|x86.Build.0 = Release|Any CPU
		{D444A667-496E-4515-94B5-9D8E37F288B8}.Debug|Any CPU.ActiveCfg = Debug|Any CPU
		{D444A667-496E-4515-94B5-9D8E37F288B8}.Debug|Any CPU.Build.0 = Debug|Any CPU
		{D444A667-496E-4515-94B5-9D8E37F288B8}.Debug|x64.ActiveCfg = Debug|Any CPU
		{D444A667-496E-4515-94B5-9D8E37F288B8}.Debug|x64.Build.0 = Debug|Any CPU
		{D444A667-496E-4515-94B5-9D8E37F288B8}.Debug|x86.ActiveCfg = Debug|Any CPU
		{D444A667-496E-4515-94B5-9D8E37F288B8}.Debug|x86.Build.0 = Debug|Any CPU
		{D444A667-496E-4515-94B5-9D8E37F288B8}.Release|Any CPU.ActiveCfg = Release|Any CPU
		{D444A667-496E-4515-94B5-9D8E37F288B8}.Release|Any CPU.Build.0 = Release|Any CPU
		{D444A667-496E-4515-94B5-9D8E37F288B8}.Release|x64.ActiveCfg = Release|Any CPU
		{D444A667-496E-4515-94B5-9D8E37F288B8}.Release|x64.Build.0 = Release|Any CPU
		{D444A667-496E-4515-94B5-9D8E37F288B8}.Release|x86.ActiveCfg = Release|Any CPU
		{D444A667-496E-4515-94B5-9D8E37F288B8}.Release|x86.Build.0 = Release|Any CPU
		{8DABA1CC-4583-40C4-8510-07394B06D075}.Debug|Any CPU.ActiveCfg = Debug|Any CPU
		{8DABA1CC-4583-40C4-8510-07394B06D075}.Debug|Any CPU.Build.0 = Debug|Any CPU
		{8DABA1CC-4583-40C4-8510-07394B06D075}.Debug|x64.ActiveCfg = Debug|Any CPU
		{8DABA1CC-4583-40C4-8510-07394B06D075}.Debug|x64.Build.0 = Debug|Any CPU
		{8DABA1CC-4583-40C4-8510-07394B06D075}.Debug|x86.ActiveCfg = Debug|Any CPU
		{8DABA1CC-4583-40C4-8510-07394B06D075}.Debug|x86.Build.0 = Debug|Any CPU
		{8DABA1CC-4583-40C4-8510-07394B06D075}.Release|Any CPU.ActiveCfg = Release|Any CPU
		{8DABA1CC-4583-40C4-8510-07394B06D075}.Release|Any CPU.Build.0 = Release|Any CPU
		{8DABA1CC-4583-40C4-8510-07394B06D075}.Release|x64.ActiveCfg = Release|Any CPU
		{8DABA1CC-4583-40C4-8510-07394B06D075}.Release|x64.Build.0 = Release|Any CPU
		{8DABA1CC-4583-40C4-8510-07394B06D075}.Release|x86.ActiveCfg = Release|Any CPU
		{8DABA1CC-4583-40C4-8510-07394B06D075}.Release|x86.Build.0 = Release|Any CPU
		{04001EC4-74D0-4933-982B-3F6B696E8D29}.Debug|Any CPU.ActiveCfg = Debug|Any CPU
		{04001EC4-74D0-4933-982B-3F6B696E8D29}.Debug|Any CPU.Build.0 = Debug|Any CPU
		{04001EC4-74D0-4933-982B-3F6B696E8D29}.Debug|x64.ActiveCfg = Debug|Any CPU
		{04001EC4-74D0-4933-982B-3F6B696E8D29}.Debug|x64.Build.0 = Debug|Any CPU
		{04001EC4-74D0-4933-982B-3F6B696E8D29}.Debug|x86.ActiveCfg = Debug|Any CPU
		{04001EC4-74D0-4933-982B-3F6B696E8D29}.Debug|x86.Build.0 = Debug|Any CPU
		{04001EC4-74D0-4933-982B-3F6B696E8D29}.Release|Any CPU.ActiveCfg = Release|Any CPU
		{04001EC4-74D0-4933-982B-3F6B696E8D29}.Release|Any CPU.Build.0 = Release|Any CPU
		{04001EC4-74D0-4933-982B-3F6B696E8D29}.Release|x64.ActiveCfg = Release|Any CPU
		{04001EC4-74D0-4933-982B-3F6B696E8D29}.Release|x64.Build.0 = Release|Any CPU
		{04001EC4-74D0-4933-982B-3F6B696E8D29}.Release|x86.ActiveCfg = Release|Any CPU
		{04001EC4-74D0-4933-982B-3F6B696E8D29}.Release|x86.Build.0 = Release|Any CPU
		{835DAE24-6FBD-408A-952D-DABB32A48FB5}.Debug|Any CPU.ActiveCfg = Debug|Any CPU
		{835DAE24-6FBD-408A-952D-DABB32A48FB5}.Debug|Any CPU.Build.0 = Debug|Any CPU
		{835DAE24-6FBD-408A-952D-DABB32A48FB5}.Debug|x64.ActiveCfg = Debug|Any CPU
		{835DAE24-6FBD-408A-952D-DABB32A48FB5}.Debug|x64.Build.0 = Debug|Any CPU
		{835DAE24-6FBD-408A-952D-DABB32A48FB5}.Debug|x86.ActiveCfg = Debug|Any CPU
		{835DAE24-6FBD-408A-952D-DABB32A48FB5}.Debug|x86.Build.0 = Debug|Any CPU
		{835DAE24-6FBD-408A-952D-DABB32A48FB5}.Release|Any CPU.ActiveCfg = Release|Any CPU
		{835DAE24-6FBD-408A-952D-DABB32A48FB5}.Release|Any CPU.Build.0 = Release|Any CPU
		{835DAE24-6FBD-408A-952D-DABB32A48FB5}.Release|x64.ActiveCfg = Release|Any CPU
		{835DAE24-6FBD-408A-952D-DABB32A48FB5}.Release|x64.Build.0 = Release|Any CPU
		{835DAE24-6FBD-408A-952D-DABB32A48FB5}.Release|x86.ActiveCfg = Release|Any CPU
		{835DAE24-6FBD-408A-952D-DABB32A48FB5}.Release|x86.Build.0 = Release|Any CPU
		{8954FD4A-0778-43C0-B2C4-95FB9FEBBB39}.Debug|Any CPU.ActiveCfg = Debug|Any CPU
		{8954FD4A-0778-43C0-B2C4-95FB9FEBBB39}.Debug|Any CPU.Build.0 = Debug|Any CPU
		{8954FD4A-0778-43C0-B2C4-95FB9FEBBB39}.Debug|x64.ActiveCfg = Debug|Any CPU
		{8954FD4A-0778-43C0-B2C4-95FB9FEBBB39}.Debug|x64.Build.0 = Debug|Any CPU
		{8954FD4A-0778-43C0-B2C4-95FB9FEBBB39}.Debug|x86.ActiveCfg = Debug|Any CPU
		{8954FD4A-0778-43C0-B2C4-95FB9FEBBB39}.Debug|x86.Build.0 = Debug|Any CPU
		{8954FD4A-0778-43C0-B2C4-95FB9FEBBB39}.Release|Any CPU.ActiveCfg = Release|Any CPU
		{8954FD4A-0778-43C0-B2C4-95FB9FEBBB39}.Release|Any CPU.Build.0 = Release|Any CPU
		{8954FD4A-0778-43C0-B2C4-95FB9FEBBB39}.Release|x64.ActiveCfg = Release|Any CPU
		{8954FD4A-0778-43C0-B2C4-95FB9FEBBB39}.Release|x64.Build.0 = Release|Any CPU
		{8954FD4A-0778-43C0-B2C4-95FB9FEBBB39}.Release|x86.ActiveCfg = Release|Any CPU
		{8954FD4A-0778-43C0-B2C4-95FB9FEBBB39}.Release|x86.Build.0 = Release|Any CPU
		{67C4E15B-D714-438A-9140-918C7447B0F0}.Debug|Any CPU.ActiveCfg = Debug|Any CPU
		{67C4E15B-D714-438A-9140-918C7447B0F0}.Debug|Any CPU.Build.0 = Debug|Any CPU
		{67C4E15B-D714-438A-9140-918C7447B0F0}.Debug|x64.ActiveCfg = Debug|Any CPU
		{67C4E15B-D714-438A-9140-918C7447B0F0}.Debug|x64.Build.0 = Debug|Any CPU
		{67C4E15B-D714-438A-9140-918C7447B0F0}.Debug|x86.ActiveCfg = Debug|Any CPU
		{67C4E15B-D714-438A-9140-918C7447B0F0}.Debug|x86.Build.0 = Debug|Any CPU
		{67C4E15B-D714-438A-9140-918C7447B0F0}.Release|Any CPU.ActiveCfg = Release|Any CPU
		{67C4E15B-D714-438A-9140-918C7447B0F0}.Release|Any CPU.Build.0 = Release|Any CPU
		{67C4E15B-D714-438A-9140-918C7447B0F0}.Release|x64.ActiveCfg = Release|Any CPU
		{67C4E15B-D714-438A-9140-918C7447B0F0}.Release|x64.Build.0 = Release|Any CPU
		{67C4E15B-D714-438A-9140-918C7447B0F0}.Release|x86.ActiveCfg = Release|Any CPU
		{67C4E15B-D714-438A-9140-918C7447B0F0}.Release|x86.Build.0 = Release|Any CPU
		{3069AD7C-157E-4CBD-B1CF-E9D90C6C1FCC}.Debug|Any CPU.ActiveCfg = Debug|Any CPU
		{3069AD7C-157E-4CBD-B1CF-E9D90C6C1FCC}.Debug|Any CPU.Build.0 = Debug|Any CPU
		{3069AD7C-157E-4CBD-B1CF-E9D90C6C1FCC}.Debug|x64.ActiveCfg = Debug|Any CPU
		{3069AD7C-157E-4CBD-B1CF-E9D90C6C1FCC}.Debug|x64.Build.0 = Debug|Any CPU
		{3069AD7C-157E-4CBD-B1CF-E9D90C6C1FCC}.Debug|x86.ActiveCfg = Debug|Any CPU
		{3069AD7C-157E-4CBD-B1CF-E9D90C6C1FCC}.Debug|x86.Build.0 = Debug|Any CPU
		{3069AD7C-157E-4CBD-B1CF-E9D90C6C1FCC}.Release|Any CPU.ActiveCfg = Release|Any CPU
		{3069AD7C-157E-4CBD-B1CF-E9D90C6C1FCC}.Release|Any CPU.Build.0 = Release|Any CPU
		{3069AD7C-157E-4CBD-B1CF-E9D90C6C1FCC}.Release|x64.ActiveCfg = Release|Any CPU
		{3069AD7C-157E-4CBD-B1CF-E9D90C6C1FCC}.Release|x64.Build.0 = Release|Any CPU
		{3069AD7C-157E-4CBD-B1CF-E9D90C6C1FCC}.Release|x86.ActiveCfg = Release|Any CPU
		{3069AD7C-157E-4CBD-B1CF-E9D90C6C1FCC}.Release|x86.Build.0 = Release|Any CPU
		{B6BD8F45-72BB-4770-BFB1-21A07342A49F}.Debug|Any CPU.ActiveCfg = Debug|Any CPU
		{B6BD8F45-72BB-4770-BFB1-21A07342A49F}.Debug|Any CPU.Build.0 = Debug|Any CPU
		{B6BD8F45-72BB-4770-BFB1-21A07342A49F}.Debug|x64.ActiveCfg = Debug|Any CPU
		{B6BD8F45-72BB-4770-BFB1-21A07342A49F}.Debug|x64.Build.0 = Debug|Any CPU
		{B6BD8F45-72BB-4770-BFB1-21A07342A49F}.Debug|x86.ActiveCfg = Debug|Any CPU
		{B6BD8F45-72BB-4770-BFB1-21A07342A49F}.Debug|x86.Build.0 = Debug|Any CPU
		{B6BD8F45-72BB-4770-BFB1-21A07342A49F}.Release|Any CPU.ActiveCfg = Release|Any CPU
		{B6BD8F45-72BB-4770-BFB1-21A07342A49F}.Release|Any CPU.Build.0 = Release|Any CPU
		{B6BD8F45-72BB-4770-BFB1-21A07342A49F}.Release|x64.ActiveCfg = Release|Any CPU
		{B6BD8F45-72BB-4770-BFB1-21A07342A49F}.Release|x64.Build.0 = Release|Any CPU
		{B6BD8F45-72BB-4770-BFB1-21A07342A49F}.Release|x86.ActiveCfg = Release|Any CPU
		{B6BD8F45-72BB-4770-BFB1-21A07342A49F}.Release|x86.Build.0 = Release|Any CPU
		{36C2C4E7-5E0E-4AEC-A4C4-B12BF252D666}.Debug|Any CPU.ActiveCfg = Debug|Any CPU
		{36C2C4E7-5E0E-4AEC-A4C4-B12BF252D666}.Debug|Any CPU.Build.0 = Debug|Any CPU
		{36C2C4E7-5E0E-4AEC-A4C4-B12BF252D666}.Debug|x64.ActiveCfg = Debug|Any CPU
		{36C2C4E7-5E0E-4AEC-A4C4-B12BF252D666}.Debug|x64.Build.0 = Debug|Any CPU
		{36C2C4E7-5E0E-4AEC-A4C4-B12BF252D666}.Debug|x86.ActiveCfg = Debug|Any CPU
		{36C2C4E7-5E0E-4AEC-A4C4-B12BF252D666}.Debug|x86.Build.0 = Debug|Any CPU
		{36C2C4E7-5E0E-4AEC-A4C4-B12BF252D666}.Release|Any CPU.ActiveCfg = Release|Any CPU
		{36C2C4E7-5E0E-4AEC-A4C4-B12BF252D666}.Release|Any CPU.Build.0 = Release|Any CPU
		{36C2C4E7-5E0E-4AEC-A4C4-B12BF252D666}.Release|x64.ActiveCfg = Release|Any CPU
		{36C2C4E7-5E0E-4AEC-A4C4-B12BF252D666}.Release|x64.Build.0 = Release|Any CPU
		{36C2C4E7-5E0E-4AEC-A4C4-B12BF252D666}.Release|x86.ActiveCfg = Release|Any CPU
		{36C2C4E7-5E0E-4AEC-A4C4-B12BF252D666}.Release|x86.Build.0 = Release|Any CPU
		{89410382-A462-4016-9E64-A05C84FC5689}.Debug|Any CPU.ActiveCfg = Debug|Any CPU
		{89410382-A462-4016-9E64-A05C84FC5689}.Debug|Any CPU.Build.0 = Debug|Any CPU
		{89410382-A462-4016-9E64-A05C84FC5689}.Debug|x64.ActiveCfg = Debug|Any CPU
		{89410382-A462-4016-9E64-A05C84FC5689}.Debug|x64.Build.0 = Debug|Any CPU
		{89410382-A462-4016-9E64-A05C84FC5689}.Debug|x86.ActiveCfg = Debug|Any CPU
		{89410382-A462-4016-9E64-A05C84FC5689}.Debug|x86.Build.0 = Debug|Any CPU
		{89410382-A462-4016-9E64-A05C84FC5689}.Release|Any CPU.ActiveCfg = Release|Any CPU
		{89410382-A462-4016-9E64-A05C84FC5689}.Release|Any CPU.Build.0 = Release|Any CPU
		{89410382-A462-4016-9E64-A05C84FC5689}.Release|x64.ActiveCfg = Release|Any CPU
		{89410382-A462-4016-9E64-A05C84FC5689}.Release|x64.Build.0 = Release|Any CPU
		{89410382-A462-4016-9E64-A05C84FC5689}.Release|x86.ActiveCfg = Release|Any CPU
		{89410382-A462-4016-9E64-A05C84FC5689}.Release|x86.Build.0 = Release|Any CPU
		{4F061383-9C11-441D-A4EA-65C59FFAA1EE}.Debug|Any CPU.ActiveCfg = Debug|Any CPU
		{4F061383-9C11-441D-A4EA-65C59FFAA1EE}.Debug|Any CPU.Build.0 = Debug|Any CPU
		{4F061383-9C11-441D-A4EA-65C59FFAA1EE}.Debug|x64.ActiveCfg = Debug|Any CPU
		{4F061383-9C11-441D-A4EA-65C59FFAA1EE}.Debug|x64.Build.0 = Debug|Any CPU
		{4F061383-9C11-441D-A4EA-65C59FFAA1EE}.Debug|x86.ActiveCfg = Debug|Any CPU
		{4F061383-9C11-441D-A4EA-65C59FFAA1EE}.Debug|x86.Build.0 = Debug|Any CPU
		{4F061383-9C11-441D-A4EA-65C59FFAA1EE}.Release|Any CPU.ActiveCfg = Release|Any CPU
		{4F061383-9C11-441D-A4EA-65C59FFAA1EE}.Release|Any CPU.Build.0 = Release|Any CPU
		{4F061383-9C11-441D-A4EA-65C59FFAA1EE}.Release|x64.ActiveCfg = Release|Any CPU
		{4F061383-9C11-441D-A4EA-65C59FFAA1EE}.Release|x64.Build.0 = Release|Any CPU
		{4F061383-9C11-441D-A4EA-65C59FFAA1EE}.Release|x86.ActiveCfg = Release|Any CPU
		{4F061383-9C11-441D-A4EA-65C59FFAA1EE}.Release|x86.Build.0 = Release|Any CPU
		{E203E7B0-51AF-40CA-AD17-43104CDD0A47}.Debug|Any CPU.ActiveCfg = Debug|Any CPU
		{E203E7B0-51AF-40CA-AD17-43104CDD0A47}.Debug|Any CPU.Build.0 = Debug|Any CPU
		{E203E7B0-51AF-40CA-AD17-43104CDD0A47}.Debug|x64.ActiveCfg = Debug|Any CPU
		{E203E7B0-51AF-40CA-AD17-43104CDD0A47}.Debug|x64.Build.0 = Debug|Any CPU
		{E203E7B0-51AF-40CA-AD17-43104CDD0A47}.Debug|x86.ActiveCfg = Debug|Any CPU
		{E203E7B0-51AF-40CA-AD17-43104CDD0A47}.Debug|x86.Build.0 = Debug|Any CPU
		{E203E7B0-51AF-40CA-AD17-43104CDD0A47}.Release|Any CPU.ActiveCfg = Release|Any CPU
		{E203E7B0-51AF-40CA-AD17-43104CDD0A47}.Release|Any CPU.Build.0 = Release|Any CPU
		{E203E7B0-51AF-40CA-AD17-43104CDD0A47}.Release|x64.ActiveCfg = Release|Any CPU
		{E203E7B0-51AF-40CA-AD17-43104CDD0A47}.Release|x64.Build.0 = Release|Any CPU
		{E203E7B0-51AF-40CA-AD17-43104CDD0A47}.Release|x86.ActiveCfg = Release|Any CPU
		{E203E7B0-51AF-40CA-AD17-43104CDD0A47}.Release|x86.Build.0 = Release|Any CPU
		{23032FFF-6953-48BB-B87B-6C4989DE57CC}.Debug|Any CPU.ActiveCfg = Debug|Any CPU
		{23032FFF-6953-48BB-B87B-6C4989DE57CC}.Debug|Any CPU.Build.0 = Debug|Any CPU
		{23032FFF-6953-48BB-B87B-6C4989DE57CC}.Debug|x64.ActiveCfg = Debug|Any CPU
		{23032FFF-6953-48BB-B87B-6C4989DE57CC}.Debug|x64.Build.0 = Debug|Any CPU
		{23032FFF-6953-48BB-B87B-6C4989DE57CC}.Debug|x86.ActiveCfg = Debug|Any CPU
		{23032FFF-6953-48BB-B87B-6C4989DE57CC}.Debug|x86.Build.0 = Debug|Any CPU
		{23032FFF-6953-48BB-B87B-6C4989DE57CC}.Release|Any CPU.ActiveCfg = Release|Any CPU
		{23032FFF-6953-48BB-B87B-6C4989DE57CC}.Release|Any CPU.Build.0 = Release|Any CPU
		{23032FFF-6953-48BB-B87B-6C4989DE57CC}.Release|x64.ActiveCfg = Release|Any CPU
		{23032FFF-6953-48BB-B87B-6C4989DE57CC}.Release|x64.Build.0 = Release|Any CPU
		{23032FFF-6953-48BB-B87B-6C4989DE57CC}.Release|x86.ActiveCfg = Release|Any CPU
		{23032FFF-6953-48BB-B87B-6C4989DE57CC}.Release|x86.Build.0 = Release|Any CPU
		{AD925C89-9E2D-41C9-BA25-0649985AD951}.Debug|Any CPU.ActiveCfg = Debug|Any CPU
		{AD925C89-9E2D-41C9-BA25-0649985AD951}.Debug|Any CPU.Build.0 = Debug|Any CPU
		{AD925C89-9E2D-41C9-BA25-0649985AD951}.Debug|x64.ActiveCfg = Debug|Any CPU
		{AD925C89-9E2D-41C9-BA25-0649985AD951}.Debug|x64.Build.0 = Debug|Any CPU
		{AD925C89-9E2D-41C9-BA25-0649985AD951}.Debug|x86.ActiveCfg = Debug|Any CPU
		{AD925C89-9E2D-41C9-BA25-0649985AD951}.Debug|x86.Build.0 = Debug|Any CPU
		{AD925C89-9E2D-41C9-BA25-0649985AD951}.Release|Any CPU.ActiveCfg = Release|Any CPU
		{AD925C89-9E2D-41C9-BA25-0649985AD951}.Release|Any CPU.Build.0 = Release|Any CPU
		{AD925C89-9E2D-41C9-BA25-0649985AD951}.Release|x64.ActiveCfg = Release|Any CPU
		{AD925C89-9E2D-41C9-BA25-0649985AD951}.Release|x64.Build.0 = Release|Any CPU
		{AD925C89-9E2D-41C9-BA25-0649985AD951}.Release|x86.ActiveCfg = Release|Any CPU
		{AD925C89-9E2D-41C9-BA25-0649985AD951}.Release|x86.Build.0 = Release|Any CPU
		{F9F2D6B9-A914-4084-BDB2-67FE81E17FAC}.Debug|Any CPU.ActiveCfg = Debug|Any CPU
		{F9F2D6B9-A914-4084-BDB2-67FE81E17FAC}.Debug|Any CPU.Build.0 = Debug|Any CPU
		{F9F2D6B9-A914-4084-BDB2-67FE81E17FAC}.Debug|x64.ActiveCfg = Debug|Any CPU
		{F9F2D6B9-A914-4084-BDB2-67FE81E17FAC}.Debug|x64.Build.0 = Debug|Any CPU
		{F9F2D6B9-A914-4084-BDB2-67FE81E17FAC}.Debug|x86.ActiveCfg = Debug|Any CPU
		{F9F2D6B9-A914-4084-BDB2-67FE81E17FAC}.Debug|x86.Build.0 = Debug|Any CPU
		{F9F2D6B9-A914-4084-BDB2-67FE81E17FAC}.Release|Any CPU.ActiveCfg = Release|Any CPU
		{F9F2D6B9-A914-4084-BDB2-67FE81E17FAC}.Release|Any CPU.Build.0 = Release|Any CPU
		{F9F2D6B9-A914-4084-BDB2-67FE81E17FAC}.Release|x64.ActiveCfg = Release|Any CPU
		{F9F2D6B9-A914-4084-BDB2-67FE81E17FAC}.Release|x64.Build.0 = Release|Any CPU
		{F9F2D6B9-A914-4084-BDB2-67FE81E17FAC}.Release|x86.ActiveCfg = Release|Any CPU
		{F9F2D6B9-A914-4084-BDB2-67FE81E17FAC}.Release|x86.Build.0 = Release|Any CPU
		{38412D7D-6E2E-472D-975D-9148520752F2}.Debug|Any CPU.ActiveCfg = Debug|Any CPU
		{38412D7D-6E2E-472D-975D-9148520752F2}.Debug|Any CPU.Build.0 = Debug|Any CPU
		{38412D7D-6E2E-472D-975D-9148520752F2}.Debug|x64.ActiveCfg = Debug|Any CPU
		{38412D7D-6E2E-472D-975D-9148520752F2}.Debug|x64.Build.0 = Debug|Any CPU
		{38412D7D-6E2E-472D-975D-9148520752F2}.Debug|x86.ActiveCfg = Debug|Any CPU
		{38412D7D-6E2E-472D-975D-9148520752F2}.Debug|x86.Build.0 = Debug|Any CPU
		{38412D7D-6E2E-472D-975D-9148520752F2}.Release|Any CPU.ActiveCfg = Release|Any CPU
		{38412D7D-6E2E-472D-975D-9148520752F2}.Release|Any CPU.Build.0 = Release|Any CPU
		{38412D7D-6E2E-472D-975D-9148520752F2}.Release|x64.ActiveCfg = Release|Any CPU
		{38412D7D-6E2E-472D-975D-9148520752F2}.Release|x64.Build.0 = Release|Any CPU
		{38412D7D-6E2E-472D-975D-9148520752F2}.Release|x86.ActiveCfg = Release|Any CPU
		{38412D7D-6E2E-472D-975D-9148520752F2}.Release|x86.Build.0 = Release|Any CPU
		{536F32B5-1F7C-451C-B4E0-2009D07C0611}.Debug|Any CPU.ActiveCfg = Debug|Any CPU
		{536F32B5-1F7C-451C-B4E0-2009D07C0611}.Debug|Any CPU.Build.0 = Debug|Any CPU
		{536F32B5-1F7C-451C-B4E0-2009D07C0611}.Debug|x64.ActiveCfg = Debug|Any CPU
		{536F32B5-1F7C-451C-B4E0-2009D07C0611}.Debug|x64.Build.0 = Debug|Any CPU
		{536F32B5-1F7C-451C-B4E0-2009D07C0611}.Debug|x86.ActiveCfg = Debug|Any CPU
		{536F32B5-1F7C-451C-B4E0-2009D07C0611}.Debug|x86.Build.0 = Debug|Any CPU
		{536F32B5-1F7C-451C-B4E0-2009D07C0611}.Release|Any CPU.ActiveCfg = Release|Any CPU
		{536F32B5-1F7C-451C-B4E0-2009D07C0611}.Release|Any CPU.Build.0 = Release|Any CPU
		{536F32B5-1F7C-451C-B4E0-2009D07C0611}.Release|x64.ActiveCfg = Release|Any CPU
		{536F32B5-1F7C-451C-B4E0-2009D07C0611}.Release|x64.Build.0 = Release|Any CPU
		{536F32B5-1F7C-451C-B4E0-2009D07C0611}.Release|x86.ActiveCfg = Release|Any CPU
		{536F32B5-1F7C-451C-B4E0-2009D07C0611}.Release|x86.Build.0 = Release|Any CPU
		{E8E9AAA4-1F15-4199-B860-54C0FE43E2BB}.Debug|Any CPU.ActiveCfg = Debug|Any CPU
		{E8E9AAA4-1F15-4199-B860-54C0FE43E2BB}.Debug|Any CPU.Build.0 = Debug|Any CPU
		{E8E9AAA4-1F15-4199-B860-54C0FE43E2BB}.Debug|x64.ActiveCfg = Debug|Any CPU
		{E8E9AAA4-1F15-4199-B860-54C0FE43E2BB}.Debug|x64.Build.0 = Debug|Any CPU
		{E8E9AAA4-1F15-4199-B860-54C0FE43E2BB}.Debug|x86.ActiveCfg = Debug|Any CPU
		{E8E9AAA4-1F15-4199-B860-54C0FE43E2BB}.Debug|x86.Build.0 = Debug|Any CPU
		{E8E9AAA4-1F15-4199-B860-54C0FE43E2BB}.Release|Any CPU.ActiveCfg = Release|Any CPU
		{E8E9AAA4-1F15-4199-B860-54C0FE43E2BB}.Release|Any CPU.Build.0 = Release|Any CPU
		{E8E9AAA4-1F15-4199-B860-54C0FE43E2BB}.Release|x64.ActiveCfg = Release|Any CPU
		{E8E9AAA4-1F15-4199-B860-54C0FE43E2BB}.Release|x64.Build.0 = Release|Any CPU
		{E8E9AAA4-1F15-4199-B860-54C0FE43E2BB}.Release|x86.ActiveCfg = Release|Any CPU
		{E8E9AAA4-1F15-4199-B860-54C0FE43E2BB}.Release|x86.Build.0 = Release|Any CPU
		{4320F2A9-8FDA-4000-AA3B-65C402F4863A}.Debug|Any CPU.ActiveCfg = Debug|Any CPU
		{4320F2A9-8FDA-4000-AA3B-65C402F4863A}.Debug|Any CPU.Build.0 = Debug|Any CPU
		{4320F2A9-8FDA-4000-AA3B-65C402F4863A}.Debug|x64.ActiveCfg = Debug|Any CPU
		{4320F2A9-8FDA-4000-AA3B-65C402F4863A}.Debug|x64.Build.0 = Debug|Any CPU
		{4320F2A9-8FDA-4000-AA3B-65C402F4863A}.Debug|x86.ActiveCfg = Debug|Any CPU
		{4320F2A9-8FDA-4000-AA3B-65C402F4863A}.Debug|x86.Build.0 = Debug|Any CPU
		{4320F2A9-8FDA-4000-AA3B-65C402F4863A}.Release|Any CPU.ActiveCfg = Release|Any CPU
		{4320F2A9-8FDA-4000-AA3B-65C402F4863A}.Release|Any CPU.Build.0 = Release|Any CPU
		{4320F2A9-8FDA-4000-AA3B-65C402F4863A}.Release|x64.ActiveCfg = Release|Any CPU
		{4320F2A9-8FDA-4000-AA3B-65C402F4863A}.Release|x64.Build.0 = Release|Any CPU
		{4320F2A9-8FDA-4000-AA3B-65C402F4863A}.Release|x86.ActiveCfg = Release|Any CPU
		{4320F2A9-8FDA-4000-AA3B-65C402F4863A}.Release|x86.Build.0 = Release|Any CPU
		{05200EF1-087A-4167-8BF6-1E2ED2773AF3}.Debug|Any CPU.ActiveCfg = Debug|Any CPU
		{05200EF1-087A-4167-8BF6-1E2ED2773AF3}.Debug|Any CPU.Build.0 = Debug|Any CPU
		{05200EF1-087A-4167-8BF6-1E2ED2773AF3}.Debug|x64.ActiveCfg = Debug|Any CPU
		{05200EF1-087A-4167-8BF6-1E2ED2773AF3}.Debug|x64.Build.0 = Debug|Any CPU
		{05200EF1-087A-4167-8BF6-1E2ED2773AF3}.Debug|x86.ActiveCfg = Debug|Any CPU
		{05200EF1-087A-4167-8BF6-1E2ED2773AF3}.Debug|x86.Build.0 = Debug|Any CPU
		{05200EF1-087A-4167-8BF6-1E2ED2773AF3}.Release|Any CPU.ActiveCfg = Release|Any CPU
		{05200EF1-087A-4167-8BF6-1E2ED2773AF3}.Release|Any CPU.Build.0 = Release|Any CPU
		{05200EF1-087A-4167-8BF6-1E2ED2773AF3}.Release|x64.ActiveCfg = Release|Any CPU
		{05200EF1-087A-4167-8BF6-1E2ED2773AF3}.Release|x64.Build.0 = Release|Any CPU
		{05200EF1-087A-4167-8BF6-1E2ED2773AF3}.Release|x86.ActiveCfg = Release|Any CPU
		{05200EF1-087A-4167-8BF6-1E2ED2773AF3}.Release|x86.Build.0 = Release|Any CPU
		{247B4C3A-5E9C-42E6-ACCD-CF981081264F}.Debug|Any CPU.ActiveCfg = Debug|Any CPU
		{247B4C3A-5E9C-42E6-ACCD-CF981081264F}.Debug|Any CPU.Build.0 = Debug|Any CPU
		{247B4C3A-5E9C-42E6-ACCD-CF981081264F}.Debug|x64.ActiveCfg = Debug|Any CPU
		{247B4C3A-5E9C-42E6-ACCD-CF981081264F}.Debug|x64.Build.0 = Debug|Any CPU
		{247B4C3A-5E9C-42E6-ACCD-CF981081264F}.Debug|x86.ActiveCfg = Debug|Any CPU
		{247B4C3A-5E9C-42E6-ACCD-CF981081264F}.Debug|x86.Build.0 = Debug|Any CPU
		{247B4C3A-5E9C-42E6-ACCD-CF981081264F}.Release|Any CPU.ActiveCfg = Release|Any CPU
		{247B4C3A-5E9C-42E6-ACCD-CF981081264F}.Release|Any CPU.Build.0 = Release|Any CPU
		{247B4C3A-5E9C-42E6-ACCD-CF981081264F}.Release|x64.ActiveCfg = Release|Any CPU
		{247B4C3A-5E9C-42E6-ACCD-CF981081264F}.Release|x64.Build.0 = Release|Any CPU
		{247B4C3A-5E9C-42E6-ACCD-CF981081264F}.Release|x86.ActiveCfg = Release|Any CPU
		{247B4C3A-5E9C-42E6-ACCD-CF981081264F}.Release|x86.Build.0 = Release|Any CPU
		{1399DF57-7670-4E2E-9353-8A6C9C359FE3}.Debug|Any CPU.ActiveCfg = Debug|Any CPU
		{1399DF57-7670-4E2E-9353-8A6C9C359FE3}.Debug|Any CPU.Build.0 = Debug|Any CPU
		{1399DF57-7670-4E2E-9353-8A6C9C359FE3}.Debug|x64.ActiveCfg = Debug|Any CPU
		{1399DF57-7670-4E2E-9353-8A6C9C359FE3}.Debug|x64.Build.0 = Debug|Any CPU
		{1399DF57-7670-4E2E-9353-8A6C9C359FE3}.Debug|x86.ActiveCfg = Debug|Any CPU
		{1399DF57-7670-4E2E-9353-8A6C9C359FE3}.Debug|x86.Build.0 = Debug|Any CPU
		{1399DF57-7670-4E2E-9353-8A6C9C359FE3}.Release|Any CPU.ActiveCfg = Release|Any CPU
		{1399DF57-7670-4E2E-9353-8A6C9C359FE3}.Release|Any CPU.Build.0 = Release|Any CPU
		{1399DF57-7670-4E2E-9353-8A6C9C359FE3}.Release|x64.ActiveCfg = Release|Any CPU
		{1399DF57-7670-4E2E-9353-8A6C9C359FE3}.Release|x64.Build.0 = Release|Any CPU
		{1399DF57-7670-4E2E-9353-8A6C9C359FE3}.Release|x86.ActiveCfg = Release|Any CPU
		{1399DF57-7670-4E2E-9353-8A6C9C359FE3}.Release|x86.Build.0 = Release|Any CPU
		{59103BB6-FC1C-4CDF-AD26-1346DE134F19}.Debug|Any CPU.ActiveCfg = Debug|Any CPU
		{59103BB6-FC1C-4CDF-AD26-1346DE134F19}.Debug|Any CPU.Build.0 = Debug|Any CPU
		{59103BB6-FC1C-4CDF-AD26-1346DE134F19}.Debug|x64.ActiveCfg = Debug|Any CPU
		{59103BB6-FC1C-4CDF-AD26-1346DE134F19}.Debug|x64.Build.0 = Debug|Any CPU
		{59103BB6-FC1C-4CDF-AD26-1346DE134F19}.Debug|x86.ActiveCfg = Debug|Any CPU
		{59103BB6-FC1C-4CDF-AD26-1346DE134F19}.Debug|x86.Build.0 = Debug|Any CPU
		{59103BB6-FC1C-4CDF-AD26-1346DE134F19}.Release|Any CPU.ActiveCfg = Release|Any CPU
		{59103BB6-FC1C-4CDF-AD26-1346DE134F19}.Release|Any CPU.Build.0 = Release|Any CPU
		{59103BB6-FC1C-4CDF-AD26-1346DE134F19}.Release|x64.ActiveCfg = Release|Any CPU
		{59103BB6-FC1C-4CDF-AD26-1346DE134F19}.Release|x64.Build.0 = Release|Any CPU
		{59103BB6-FC1C-4CDF-AD26-1346DE134F19}.Release|x86.ActiveCfg = Release|Any CPU
		{59103BB6-FC1C-4CDF-AD26-1346DE134F19}.Release|x86.Build.0 = Release|Any CPU
		{6AF64136-60E8-40C8-903A-2D2D22825A47}.Debug|Any CPU.ActiveCfg = Debug|Any CPU
		{6AF64136-60E8-40C8-903A-2D2D22825A47}.Debug|Any CPU.Build.0 = Debug|Any CPU
		{6AF64136-60E8-40C8-903A-2D2D22825A47}.Debug|x64.ActiveCfg = Debug|Any CPU
		{6AF64136-60E8-40C8-903A-2D2D22825A47}.Debug|x64.Build.0 = Debug|Any CPU
		{6AF64136-60E8-40C8-903A-2D2D22825A47}.Debug|x86.ActiveCfg = Debug|Any CPU
		{6AF64136-60E8-40C8-903A-2D2D22825A47}.Debug|x86.Build.0 = Debug|Any CPU
		{6AF64136-60E8-40C8-903A-2D2D22825A47}.Release|Any CPU.ActiveCfg = Release|Any CPU
		{6AF64136-60E8-40C8-903A-2D2D22825A47}.Release|Any CPU.Build.0 = Release|Any CPU
		{6AF64136-60E8-40C8-903A-2D2D22825A47}.Release|x64.ActiveCfg = Release|Any CPU
		{6AF64136-60E8-40C8-903A-2D2D22825A47}.Release|x64.Build.0 = Release|Any CPU
		{6AF64136-60E8-40C8-903A-2D2D22825A47}.Release|x86.ActiveCfg = Release|Any CPU
		{6AF64136-60E8-40C8-903A-2D2D22825A47}.Release|x86.Build.0 = Release|Any CPU
		{D1D1F377-68AB-4EA6-9B78-87F15F24A867}.Debug|Any CPU.ActiveCfg = Debug|Any CPU
		{D1D1F377-68AB-4EA6-9B78-87F15F24A867}.Debug|Any CPU.Build.0 = Debug|Any CPU
		{D1D1F377-68AB-4EA6-9B78-87F15F24A867}.Debug|x64.ActiveCfg = Debug|Any CPU
		{D1D1F377-68AB-4EA6-9B78-87F15F24A867}.Debug|x64.Build.0 = Debug|Any CPU
		{D1D1F377-68AB-4EA6-9B78-87F15F24A867}.Debug|x86.ActiveCfg = Debug|Any CPU
		{D1D1F377-68AB-4EA6-9B78-87F15F24A867}.Debug|x86.Build.0 = Debug|Any CPU
		{D1D1F377-68AB-4EA6-9B78-87F15F24A867}.Release|Any CPU.ActiveCfg = Release|Any CPU
		{D1D1F377-68AB-4EA6-9B78-87F15F24A867}.Release|Any CPU.Build.0 = Release|Any CPU
		{D1D1F377-68AB-4EA6-9B78-87F15F24A867}.Release|x64.ActiveCfg = Release|Any CPU
		{D1D1F377-68AB-4EA6-9B78-87F15F24A867}.Release|x64.Build.0 = Release|Any CPU
		{D1D1F377-68AB-4EA6-9B78-87F15F24A867}.Release|x86.ActiveCfg = Release|Any CPU
		{D1D1F377-68AB-4EA6-9B78-87F15F24A867}.Release|x86.Build.0 = Release|Any CPU
	EndGlobalSection
	GlobalSection(SolutionProperties) = preSolution
		HideSolutionNode = FALSE
	EndGlobalSection
	GlobalSection(NestedProjects) = preSolution
		{1A5DBE61-BD94-ADDB-8E0E-98FFEE9EF8D9} = {4F52FD11-658E-A102-6CD3-7D7C16FFA15B}
		{F872F5FA-9A50-34FF-C335-01B92A4DBCEF} = {1A5DBE61-BD94-ADDB-8E0E-98FFEE9EF8D9}
		{E203E7B0-51AF-40CA-AD17-43104CDD0A47} = {F872F5FA-9A50-34FF-C335-01B92A4DBCEF}
		{23032FFF-6953-48BB-B87B-6C4989DE57CC} = {D1E4B9F6-D533-D423-8818-2E1510152B85}
		{AD925C89-9E2D-41C9-BA25-0649985AD951} = {D1E4B9F6-D533-D423-8818-2E1510152B85}
		{F9F2D6B9-A914-4084-BDB2-67FE81E17FAC} = {D1E4B9F6-D533-D423-8818-2E1510152B85}
		{38412D7D-6E2E-472D-975D-9148520752F2} = {D1E4B9F6-D533-D423-8818-2E1510152B85}
		{536F32B5-1F7C-451C-B4E0-2009D07C0611} = {D1E4B9F6-D533-D423-8818-2E1510152B85}
		{E8E9AAA4-1F15-4199-B860-54C0FE43E2BB} = {D1E4B9F6-D533-D423-8818-2E1510152B85}
		{4320F2A9-8FDA-4000-AA3B-65C402F4863A} = {D1E4B9F6-D533-D423-8818-2E1510152B85}
		{05200EF1-087A-4167-8BF6-1E2ED2773AF3} = {D1E4B9F6-D533-D423-8818-2E1510152B85}
		{247B4C3A-5E9C-42E6-ACCD-CF981081264F} = {D1E4B9F6-D533-D423-8818-2E1510152B85}
		{1399DF57-7670-4E2E-9353-8A6C9C359FE3} = {D1E4B9F6-D533-D423-8818-2E1510152B85}
		{59103BB6-FC1C-4CDF-AD26-1346DE134F19} = {D1E4B9F6-D533-D423-8818-2E1510152B85}
		{6AF64136-60E8-40C8-903A-2D2D22825A47} = {D1E4B9F6-D533-D423-8818-2E1510152B85}
		{D1D1F377-68AB-4EA6-9B78-87F15F24A867} = {D1E4B9F6-D533-D423-8818-2E1510152B85}
	EndGlobalSection
EndGlobal
